
Microsoft Visual Studio Solution File, Format Version 12.00
# Visual Studio 14
VisualStudioVersion = 14.0.24720.0
MinimumVisualStudioVersion = 10.0.40219.1
Project("{FAE04EC0-301F-11D3-BF4B-00C04F79EFBC}") = "Common", "Common\Common.csproj", "{27F2B2DF-B076-4D33-A7D3-4DB470D7D994}"
EndProject
Project("{FAE04EC0-301F-11D3-BF4B-00C04F79EFBC}") = "RegisterServer", "Server\RegisterServer.csproj", "{2A45168D-4962-436D-9C96-EADBE2326E5D}"
EndProject
Project("{FAE04EC0-301F-11D3-BF4B-00C04F79EFBC}") = "RoomService", "Client\RoomService.csproj", "{B9772FF6-B265-4497-825C-5275E3DA0AB3}"
EndProject
Project("{FAE04EC0-301F-11D3-BF4B-00C04F79EFBC}") = "BarKitchenClient", "BarKitchenClient\BarKitchenClient.csproj", "{67451484-C32B-4404-AB95-547E1B07FB3C}"
EndProject
Project("{FAE04EC0-301F-11D3-BF4B-00C04F79EFBC}") = "RegisterGUI", "RegisterGUI\RegisterGUI.csproj", "{ACB44643-BC57-4913-AC03-654720A14981}"
EndProject
Global
	GlobalSection(SolutionConfigurationPlatforms) = preSolution
		Debug|Any CPU = Debug|Any CPU
		Debug|x64 = Debug|x64
		Debug|x86 = Debug|x86
		Release|Any CPU = Release|Any CPU
		Release|x64 = Release|x64
		Release|x86 = Release|x86
	EndGlobalSection
	GlobalSection(ProjectConfigurationPlatforms) = postSolution
		{27F2B2DF-B076-4D33-A7D3-4DB470D7D994}.Debug|Any CPU.ActiveCfg = Debug|Any CPU
		{27F2B2DF-B076-4D33-A7D3-4DB470D7D994}.Debug|Any CPU.Build.0 = Debug|Any CPU
		{27F2B2DF-B076-4D33-A7D3-4DB470D7D994}.Debug|x64.ActiveCfg = Debug|Any CPU
		{27F2B2DF-B076-4D33-A7D3-4DB470D7D994}.Debug|x64.Build.0 = Debug|Any CPU
		{27F2B2DF-B076-4D33-A7D3-4DB470D7D994}.Debug|x86.ActiveCfg = Debug|Any CPU
		{27F2B2DF-B076-4D33-A7D3-4DB470D7D994}.Debug|x86.Build.0 = Debug|Any CPU
		{27F2B2DF-B076-4D33-A7D3-4DB470D7D994}.Release|Any CPU.ActiveCfg = Release|Any CPU
		{27F2B2DF-B076-4D33-A7D3-4DB470D7D994}.Release|Any CPU.Build.0 = Release|Any CPU
		{27F2B2DF-B076-4D33-A7D3-4DB470D7D994}.Release|x64.ActiveCfg = Release|Any CPU
		{27F2B2DF-B076-4D33-A7D3-4DB470D7D994}.Release|x64.Build.0 = Release|Any CPU
		{27F2B2DF-B076-4D33-A7D3-4DB470D7D994}.Release|x86.ActiveCfg = Release|Any CPU
		{27F2B2DF-B076-4D33-A7D3-4DB470D7D994}.Release|x86.Build.0 = Release|Any CPU
		{2A45168D-4962-436D-9C96-EADBE2326E5D}.Debug|Any CPU.ActiveCfg = Debug|Any CPU
		{2A45168D-4962-436D-9C96-EADBE2326E5D}.Debug|Any CPU.Build.0 = Debug|Any CPU
		{2A45168D-4962-436D-9C96-EADBE2326E5D}.Debug|x64.ActiveCfg = Debug|Any CPU
		{2A45168D-4962-436D-9C96-EADBE2326E5D}.Debug|x64.Build.0 = Debug|Any CPU
		{2A45168D-4962-436D-9C96-EADBE2326E5D}.Debug|x86.ActiveCfg = Debug|Any CPU
		{2A45168D-4962-436D-9C96-EADBE2326E5D}.Debug|x86.Build.0 = Debug|Any CPU
		{2A45168D-4962-436D-9C96-EADBE2326E5D}.Release|Any CPU.ActiveCfg = Release|Any CPU
		{2A45168D-4962-436D-9C96-EADBE2326E5D}.Release|Any CPU.Build.0 = Release|Any CPU
		{2A45168D-4962-436D-9C96-EADBE2326E5D}.Release|x64.ActiveCfg = Release|Any CPU
		{2A45168D-4962-436D-9C96-EADBE2326E5D}.Release|x64.Build.0 = Release|Any CPU
		{2A45168D-4962-436D-9C96-EADBE2326E5D}.Release|x86.ActiveCfg = Release|Any CPU
		{2A45168D-4962-436D-9C96-EADBE2326E5D}.Release|x86.Build.0 = Release|Any CPU
		{B9772FF6-B265-4497-825C-5275E3DA0AB3}.Debug|Any CPU.ActiveCfg = Debug|Any CPU
		{B9772FF6-B265-4497-825C-5275E3DA0AB3}.Debug|Any CPU.Build.0 = Debug|Any CPU
		{B9772FF6-B265-4497-825C-5275E3DA0AB3}.Debug|x64.ActiveCfg = Debug|Any CPU
		{B9772FF6-B265-4497-825C-5275E3DA0AB3}.Debug|x64.Build.0 = Debug|Any CPU
		{B9772FF6-B265-4497-825C-5275E3DA0AB3}.Debug|x86.ActiveCfg = Debug|Any CPU
		{B9772FF6-B265-4497-825C-5275E3DA0AB3}.Debug|x86.Build.0 = Debug|Any CPU
		{B9772FF6-B265-4497-825C-5275E3DA0AB3}.Release|Any CPU.ActiveCfg = Release|Any CPU
		{B9772FF6-B265-4497-825C-5275E3DA0AB3}.Release|Any CPU.Build.0 = Release|Any CPU
		{B9772FF6-B265-4497-825C-5275E3DA0AB3}.Release|x64.ActiveCfg = Release|Any CPU
		{B9772FF6-B265-4497-825C-5275E3DA0AB3}.Release|x64.Build.0 = Release|Any CPU
		{B9772FF6-B265-4497-825C-5275E3DA0AB3}.Release|x86.ActiveCfg = Release|Any CPU
		{B9772FF6-B265-4497-825C-5275E3DA0AB3}.Release|x86.Build.0 = Release|Any CPU
		{67451484-C32B-4404-AB95-547E1B07FB3C}.Debug|Any CPU.ActiveCfg = Debug|Any CPU
		{67451484-C32B-4404-AB95-547E1B07FB3C}.Debug|Any CPU.Build.0 = Debug|Any CPU
		{67451484-C32B-4404-AB95-547E1B07FB3C}.Debug|x64.ActiveCfg = Debug|Any CPU
		{67451484-C32B-4404-AB95-547E1B07FB3C}.Debug|x64.Build.0 = Debug|Any CPU
		{67451484-C32B-4404-AB95-547E1B07FB3C}.Debug|x86.ActiveCfg = Debug|Any CPU
		{67451484-C32B-4404-AB95-547E1B07FB3C}.Debug|x86.Build.0 = Debug|Any CPU
		{67451484-C32B-4404-AB95-547E1B07FB3C}.Release|Any CPU.ActiveCfg = Release|Any CPU
		{67451484-C32B-4404-AB95-547E1B07FB3C}.Release|Any CPU.Build.0 = Release|Any CPU
		{67451484-C32B-4404-AB95-547E1B07FB3C}.Release|x64.ActiveCfg = Release|Any CPU
		{67451484-C32B-4404-AB95-547E1B07FB3C}.Release|x64.Build.0 = Release|Any CPU
		{67451484-C32B-4404-AB95-547E1B07FB3C}.Release|x86.ActiveCfg = Release|Any CPU
		{67451484-C32B-4404-AB95-547E1B07FB3C}.Release|x86.Build.0 = Release|Any CPU
		{ACB44643-BC57-4913-AC03-654720A14981}.Debug|Any CPU.ActiveCfg = Debug|Any CPU
		{ACB44643-BC57-4913-AC03-654720A14981}.Debug|Any CPU.Build.0 = Debug|Any CPU
		{ACB44643-BC57-4913-AC03-654720A14981}.Debug|x64.ActiveCfg = Debug|Any CPU
		{ACB44643-BC57-4913-AC03-654720A14981}.Debug|x64.Build.0 = Debug|Any CPU
		{ACB44643-BC57-4913-AC03-654720A14981}.Debug|x86.ActiveCfg = Debug|Any CPU
		{ACB44643-BC57-4913-AC03-654720A14981}.Debug|x86.Build.0 = Debug|Any CPU
		{ACB44643-BC57-4913-AC03-654720A14981}.Release|Any CPU.ActiveCfg = Release|Any CPU
		{ACB44643-BC57-4913-AC03-654720A14981}.Release|Any CPU.Build.0 = Release|Any CPU
		{ACB44643-BC57-4913-AC03-654720A14981}.Release|x64.ActiveCfg = Release|Any CPU
		{ACB44643-BC57-4913-AC03-654720A14981}.Release|x64.Build.0 = Release|Any CPU
		{ACB44643-BC57-4913-AC03-654720A14981}.Release|x86.ActiveCfg = Release|Any CPU
		{ACB44643-BC57-4913-AC03-654720A14981}.Release|x86.Build.0 = Release|Any CPU
	EndGlobalSection
	GlobalSection(SolutionProperties) = preSolution
		HideSolutionNode = FALSE
	EndGlobalSection
EndGlobal
