
Microsoft Visual Studio Solution File, Format Version 12.00
# Visual Studio 14
VisualStudioVersion = 14.0.24720.0
MinimumVisualStudioVersion = 10.0.40219.1
Project("{FAE04EC0-301F-11D3-BF4B-00C04F79EFBC}") = "RestorationOrderSystem", "RestorationOrderSystem\RestorationOrderSystem.csproj", "{8969EA8D-9D95-43F2-A2DE-AB5894D6E6DA}"
	ProjectSection(ProjectDependencies) = postProject
		{68DA8E43-5F8F-4D25-AD8F-68E9B35F7378} = {68DA8E43-5F8F-4D25-AD8F-68E9B35F7378}
	EndProjectSection
EndProject
Project("{FAE04EC0-301F-11D3-BF4B-00C04F79EFBC}") = "Room", "Room\Room.csproj", "{098D5924-DDFD-4FCF-848F-2A08CDF6B173}"
	ProjectSection(ProjectDependencies) = postProject
		{68DA8E43-5F8F-4D25-AD8F-68E9B35F7378} = {68DA8E43-5F8F-4D25-AD8F-68E9B35F7378}
	EndProjectSection
EndProject
Project("{FAE04EC0-301F-11D3-BF4B-00C04F79EFBC}") = "PreparationRoom", "Restaurant\PreparationRoom.csproj", "{BFFE40D4-60FB-4570-877A-8FCB28A48195}"
	ProjectSection(ProjectDependencies) = postProject
		{68DA8E43-5F8F-4D25-AD8F-68E9B35F7378} = {68DA8E43-5F8F-4D25-AD8F-68E9B35F7378}
	EndProjectSection
EndProject
Project("{FAE04EC0-301F-11D3-BF4B-00C04F79EFBC}") = "Printer", "Printer\Printer.csproj", "{26C6C6EC-6435-4A35-979B-FDB6C3031293}"
EndProject
Project("{FAE04EC0-301F-11D3-BF4B-00C04F79EFBC}") = "RequestsLibrary", "RequestLibrary\RequestsLibrary.csproj", "{68DA8E43-5F8F-4D25-AD8F-68E9B35F7378}"
EndProject
Global
	GlobalSection(SolutionConfigurationPlatforms) = preSolution
		Debug|Any CPU = Debug|Any CPU
		Release|Any CPU = Release|Any CPU
	EndGlobalSection
	GlobalSection(ProjectConfigurationPlatforms) = postSolution
		{8969EA8D-9D95-43F2-A2DE-AB5894D6E6DA}.Debug|Any CPU.ActiveCfg = Debug|Any CPU
		{8969EA8D-9D95-43F2-A2DE-AB5894D6E6DA}.Debug|Any CPU.Build.0 = Debug|Any CPU
		{8969EA8D-9D95-43F2-A2DE-AB5894D6E6DA}.Release|Any CPU.ActiveCfg = Release|Any CPU
		{8969EA8D-9D95-43F2-A2DE-AB5894D6E6DA}.Release|Any CPU.Build.0 = Release|Any CPU
		{098D5924-DDFD-4FCF-848F-2A08CDF6B173}.Debug|Any CPU.ActiveCfg = Debug|Any CPU
		{098D5924-DDFD-4FCF-848F-2A08CDF6B173}.Debug|Any CPU.Build.0 = Debug|Any CPU
		{098D5924-DDFD-4FCF-848F-2A08CDF6B173}.Release|Any CPU.ActiveCfg = Release|Any CPU
		{098D5924-DDFD-4FCF-848F-2A08CDF6B173}.Release|Any CPU.Build.0 = Release|Any CPU
		{BFFE40D4-60FB-4570-877A-8FCB28A48195}.Debug|Any CPU.ActiveCfg = Debug|Any CPU
		{BFFE40D4-60FB-4570-877A-8FCB28A48195}.Debug|Any CPU.Build.0 = Debug|Any CPU
		{BFFE40D4-60FB-4570-877A-8FCB28A48195}.Release|Any CPU.ActiveCfg = Release|Any CPU
		{BFFE40D4-60FB-4570-877A-8FCB28A48195}.Release|Any CPU.Build.0 = Release|Any CPU
		{26C6C6EC-6435-4A35-979B-FDB6C3031293}.Debug|Any CPU.ActiveCfg = Debug|Any CPU
		{26C6C6EC-6435-4A35-979B-FDB6C3031293}.Debug|Any CPU.Build.0 = Debug|Any CPU
		{26C6C6EC-6435-4A35-979B-FDB6C3031293}.Release|Any CPU.ActiveCfg = Release|Any CPU
		{26C6C6EC-6435-4A35-979B-FDB6C3031293}.Release|Any CPU.Build.0 = Release|Any CPU
		{68DA8E43-5F8F-4D25-AD8F-68E9B35F7378}.Debug|Any CPU.ActiveCfg = Debug|Any CPU
		{68DA8E43-5F8F-4D25-AD8F-68E9B35F7378}.Debug|Any CPU.Build.0 = Debug|Any CPU
		{68DA8E43-5F8F-4D25-AD8F-68E9B35F7378}.Release|Any CPU.ActiveCfg = Release|Any CPU
		{68DA8E43-5F8F-4D25-AD8F-68E9B35F7378}.Release|Any CPU.Build.0 = Release|Any CPU
	EndGlobalSection
	GlobalSection(SolutionProperties) = preSolution
		HideSolutionNode = FALSE
	EndGlobalSection
EndGlobal
